// !$*UTF8*$!
{
	archiveVersion = 1;
	classes = {
	};
	objectVersion = 46;
	objects = {

/* Begin PBXBuildFile section */
		E1CCA1D31B03ED03000352B2 /* Awb.framework in Frameworks */ = {isa = PBXBuildFile; fileRef = E1CCA1D21B03ED03000352B2 /* Awb.framework */; };
		E1CCA1D71B03F053000352B2 /* Awb8k.framework in Frameworks */ = {isa = PBXBuildFile; fileRef = E1CCA1D61B03F053000352B2 /* Awb8k.framework */; };
		E1CCA1F21B03F259000352B2 /* Kal.framework in Frameworks */ = {isa = PBXBuildFile; fileRef = E1CCA1F01B03F259000352B2 /* Kal.framework */; };
		E1CCA1F31B03F259000352B2 /* Kal16.framework in Frameworks */ = {isa = PBXBuildFile; fileRef = E1CCA1F11B03F259000352B2 /* Kal16.framework */; };
		E1CCA1F61B03F289000352B2 /* Rms.framework in Frameworks */ = {isa = PBXBuildFile; fileRef = E1CCA1F41B03F289000352B2 /* Rms.framework */; };
		E1CCA1F71B03F289000352B2 /* Rms8k.framework in Frameworks */ = {isa = PBXBuildFile; fileRef = E1CCA1F51B03F289000352B2 /* Rms8k.framework */; };
		E1CCA1F91B03F2A0000352B2 /* Slt8k.framework in Frameworks */ = {isa = PBXBuildFile; fileRef = E1CCA1F81B03F29F000352B2 /* Slt8k.framework */; };
		E1EE7D3E1B03B6B600C9B17D /* main.m in Sources */ = {isa = PBXBuildFile; fileRef = E1EE7D3D1B03B6B600C9B17D /* main.m */; };
		E1EE7D411B03B6B600C9B17D /* AppDelegate.m in Sources */ = {isa = PBXBuildFile; fileRef = E1EE7D401B03B6B600C9B17D /* AppDelegate.m */; };
		E1EE7D441B03B6B600C9B17D /* ViewController.m in Sources */ = {isa = PBXBuildFile; fileRef = E1EE7D431B03B6B600C9B17D /* ViewController.m */; };
		E1EE7D471B03B6B600C9B17D /* Main.storyboard in Resources */ = {isa = PBXBuildFile; fileRef = E1EE7D451B03B6B600C9B17D /* Main.storyboard */; };
		E1EE7D491B03B6B600C9B17D /* Images.xcassets in Resources */ = {isa = PBXBuildFile; fileRef = E1EE7D481B03B6B600C9B17D /* Images.xcassets */; };
		E1EE7D4C1B03B6B600C9B17D /* LaunchScreen.xib in Resources */ = {isa = PBXBuildFile; fileRef = E1EE7D4A1B03B6B600C9B17D /* LaunchScreen.xib */; };
		E1EE7D581B03B6B600C9B17D /* OpenEarzzTests.m in Sources */ = {isa = PBXBuildFile; fileRef = E1EE7D571B03B6B600C9B17D /* OpenEarzzTests.m */; };
		E1EE7D621B03B6D300C9B17D /* AVFoundation.framework in Frameworks */ = {isa = PBXBuildFile; fileRef = E1EE7D611B03B6D300C9B17D /* AVFoundation.framework */; };
		E1EE7D641B03B6DA00C9B17D /* AudioToolbox.framework in Frameworks */ = {isa = PBXBuildFile; fileRef = E1EE7D631B03B6DA00C9B17D /* AudioToolbox.framework */; };
		E1EE7D6A1B03B73900C9B17D /* AcousticModelEnglish.bundle in Resources */ = {isa = PBXBuildFile; fileRef = E1EE7D661B03B73900C9B17D /* AcousticModelEnglish.bundle */; };
		E1EE7D6B1B03B73900C9B17D /* AcousticModelSpanish.bundle in Resources */ = {isa = PBXBuildFile; fileRef = E1EE7D671B03B73900C9B17D /* AcousticModelSpanish.bundle */; };
		E1EE7D6C1B03B73900C9B17D /* OpenEars.framework in Frameworks */ = {isa = PBXBuildFile; fileRef = E1EE7D681B03B73900C9B17D /* OpenEars.framework */; };
		E1EE7D6D1B03B73900C9B17D /* Slt.framework in Frameworks */ = {isa = PBXBuildFile; fileRef = E1EE7D691B03B73900C9B17D /* Slt.framework */; };
/* End PBXBuildFile section */

/* Begin PBXContainerItemProxy section */
		E1EE7D521B03B6B600C9B17D /* PBXContainerItemProxy */ = {
			isa = PBXContainerItemProxy;
			containerPortal = E1EE7D301B03B6B600C9B17D /* Project object */;
			proxyType = 1;
			remoteGlobalIDString = E1EE7D371B03B6B600C9B17D;
			remoteInfo = OpenEarzz;
		};
/* End PBXContainerItemProxy section */

/* Begin PBXFileReference section */
		E1CCA1D21B03ED03000352B2 /* Awb.framework */ = {isa = PBXFileReference; lastKnownFileType = wrapper.framework; name = Awb.framework; path = "../Politepix-openearsextras-22073bb104d9/FliteVoices/Awb.framework"; sourceTree = "<group>"; };
		E1CCA1D41B03F047000352B2 /* Awb8k.framework */ = {isa = PBXFileReference; lastKnownFileType = wrapper.framework; name = Awb8k.framework; path = Framework/Awb8k.framework; sourceTree = "<group>"; };
		E1CCA1D61B03F053000352B2 /* Awb8k.framework */ = {isa = PBXFileReference; lastKnownFileType = wrapper.framework; path = Awb8k.framework; sourceTree = "<group>"; };
		E1CCA1D81B03F136000352B2 /* Kal.framework */ = {isa = PBXFileReference; lastKnownFileType = wrapper.framework; name = Kal.framework; path = Framework/Kal.framework; sourceTree = "<group>"; };
		E1CCA1DA1B03F14C000352B2 /* Kal.framework */ = {isa = PBXFileReference; lastKnownFileType = wrapper.framework; path = Kal.framework; sourceTree = "<group>"; };
		E1CCA1DC1B03F1CA000352B2 /* Kal16.framework */ = {isa = PBXFileReference; lastKnownFileType = wrapper.framework; name = Kal16.framework; path = Framework/Kal16.framework; sourceTree = "<group>"; };
		E1CCA1DE1B03F1E5000352B2 /* Rms.framework */ = {isa = PBXFileReference; lastKnownFileType = wrapper.framework; name = Rms.framework; path = Framework/Rms.framework; sourceTree = "<group>"; };
		E1CCA1E01B03F200000352B2 /* Rms8k.framework */ = {isa = PBXFileReference; lastKnownFileType = wrapper.framework; name = Rms8k.framework; path = Framework/Rms8k.framework; sourceTree = "<group>"; };
		E1CCA1E31B03F22D000352B2 /* AcousticModelEnglish.bundle */ = {isa = PBXFileReference; lastKnownFileType = "wrapper.plug-in"; path = AcousticModelEnglish.bundle; sourceTree = "<group>"; };
		E1CCA1E41B03F22D000352B2 /* AcousticModelSpanish.bundle */ = {isa = PBXFileReference; lastKnownFileType = "wrapper.plug-in"; path = AcousticModelSpanish.bundle; sourceTree = "<group>"; };
		E1CCA1E51B03F22D000352B2 /* Awb.framework */ = {isa = PBXFileReference; lastKnownFileType = wrapper.framework; path = Awb.framework; sourceTree = "<group>"; };
		E1CCA1E61B03F22D000352B2 /* Awb8k.framework */ = {isa = PBXFileReference; lastKnownFileType = wrapper.framework; path = Awb8k.framework; sourceTree = "<group>"; };
		E1CCA1E71B03F22D000352B2 /* Kal.framework */ = {isa = PBXFileReference; lastKnownFileType = wrapper.framework; path = Kal.framework; sourceTree = "<group>"; };
		E1CCA1E81B03F22D000352B2 /* Kal16.framework */ = {isa = PBXFileReference; lastKnownFileType = wrapper.framework; path = Kal16.framework; sourceTree = "<group>"; };
		E1CCA1E91B03F22D000352B2 /* OpenEars.framework */ = {isa = PBXFileReference; lastKnownFileType = wrapper.framework; path = OpenEars.framework; sourceTree = "<group>"; };
		E1CCA1EA1B03F22D000352B2 /* Rms.framework */ = {isa = PBXFileReference; lastKnownFileType = wrapper.framework; path = Rms.framework; sourceTree = "<group>"; };
		E1CCA1EB1B03F22D000352B2 /* Rms8k.framework */ = {isa = PBXFileReference; lastKnownFileType = wrapper.framework; path = Rms8k.framework; sourceTree = "<group>"; };
		E1CCA1EC1B03F22D000352B2 /* Slt.framework */ = {isa = PBXFileReference; lastKnownFileType = wrapper.framework; path = Slt.framework; sourceTree = "<group>"; };
		E1CCA1ED1B03F22D000352B2 /* Slt8k.framework */ = {isa = PBXFileReference; lastKnownFileType = wrapper.framework; path = Slt8k.framework; sourceTree = "<group>"; };
		E1CCA1F01B03F259000352B2 /* Kal.framework */ = {isa = PBXFileReference; lastKnownFileType = wrapper.framework; path = Kal.framework; sourceTree = "<group>"; };
		E1CCA1F11B03F259000352B2 /* Kal16.framework */ = {isa = PBXFileReference; lastKnownFileType = wrapper.framework; path = Kal16.framework; sourceTree = "<group>"; };
		E1CCA1F41B03F289000352B2 /* Rms.framework */ = {isa = PBXFileReference; lastKnownFileType = wrapper.framework; path = Rms.framework; sourceTree = "<group>"; };
		E1CCA1F51B03F289000352B2 /* Rms8k.framework */ = {isa = PBXFileReference; lastKnownFileType = wrapper.framework; path = Rms8k.framework; sourceTree = "<group>"; };
		E1CCA1F81B03F29F000352B2 /* Slt8k.framework */ = {isa = PBXFileReference; lastKnownFileType = wrapper.framework; path = Slt8k.framework; sourceTree = "<group>"; };
		E1EE7D381B03B6B600C9B17D /* OpenEarzz.app */ = {isa = PBXFileReference; explicitFileType = wrapper.application; includeInIndex = 0; path = OpenEarzz.app; sourceTree = BUILT_PRODUCTS_DIR; };
		E1EE7D3C1B03B6B600C9B17D /* Info.plist */ = {isa = PBXFileReference; lastKnownFileType = text.plist.xml; path = Info.plist; sourceTree = "<group>"; };
		E1EE7D3D1B03B6B600C9B17D /* main.m */ = {isa = PBXFileReference; lastKnownFileType = sourcecode.c.objc; path = main.m; sourceTree = "<group>"; };
		E1EE7D3F1B03B6B600C9B17D /* AppDelegate.h */ = {isa = PBXFileReference; lastKnownFileType = sourcecode.c.h; path = AppDelegate.h; sourceTree = "<group>"; };
		E1EE7D401B03B6B600C9B17D /* AppDelegate.m */ = {isa = PBXFileReference; lastKnownFileType = sourcecode.c.objc; path = AppDelegate.m; sourceTree = "<group>"; };
		E1EE7D421B03B6B600C9B17D /* ViewController.h */ = {isa = PBXFileReference; lastKnownFileType = sourcecode.c.h; path = ViewController.h; sourceTree = "<group>"; };
		E1EE7D431B03B6B600C9B17D /* ViewController.m */ = {isa = PBXFileReference; lastKnownFileType = sourcecode.c.objc; path = ViewController.m; sourceTree = "<group>"; };
		E1EE7D461B03B6B600C9B17D /* Base */ = {isa = PBXFileReference; lastKnownFileType = file.storyboard; name = Base; path = Base.lproj/Main.storyboard; sourceTree = "<group>"; };
		E1EE7D481B03B6B600C9B17D /* Images.xcassets */ = {isa = PBXFileReference; lastKnownFileType = folder.assetcatalog; path = Images.xcassets; sourceTree = "<group>"; };
		E1EE7D4B1B03B6B600C9B17D /* Base */ = {isa = PBXFileReference; lastKnownFileType = file.xib; name = Base; path = Base.lproj/LaunchScreen.xib; sourceTree = "<group>"; };
		E1EE7D511B03B6B600C9B17D /* OpenEarzzTests.xctest */ = {isa = PBXFileReference; explicitFileType = wrapper.cfbundle; includeInIndex = 0; path = OpenEarzzTests.xctest; sourceTree = BUILT_PRODUCTS_DIR; };
		E1EE7D561B03B6B600C9B17D /* Info.plist */ = {isa = PBXFileReference; lastKnownFileType = text.plist.xml; path = Info.plist; sourceTree = "<group>"; };
		E1EE7D571B03B6B600C9B17D /* OpenEarzzTests.m */ = {isa = PBXFileReference; lastKnownFileType = sourcecode.c.objc; path = OpenEarzzTests.m; sourceTree = "<group>"; };
		E1EE7D611B03B6D300C9B17D /* AVFoundation.framework */ = {isa = PBXFileReference; lastKnownFileType = wrapper.framework; name = AVFoundation.framework; path = System/Library/Frameworks/AVFoundation.framework; sourceTree = SDKROOT; };
		E1EE7D631B03B6DA00C9B17D /* AudioToolbox.framework */ = {isa = PBXFileReference; lastKnownFileType = wrapper.framework; name = AudioToolbox.framework; path = System/Library/Frameworks/AudioToolbox.framework; sourceTree = SDKROOT; };
		E1EE7D661B03B73900C9B17D /* AcousticModelEnglish.bundle */ = {isa = PBXFileReference; lastKnownFileType = "wrapper.plug-in"; path = AcousticModelEnglish.bundle; sourceTree = "<group>"; };
		E1EE7D671B03B73900C9B17D /* AcousticModelSpanish.bundle */ = {isa = PBXFileReference; lastKnownFileType = "wrapper.plug-in"; path = AcousticModelSpanish.bundle; sourceTree = "<group>"; };
		E1EE7D681B03B73900C9B17D /* OpenEars.framework */ = {isa = PBXFileReference; lastKnownFileType = wrapper.framework; path = OpenEars.framework; sourceTree = "<group>"; };
		E1EE7D691B03B73900C9B17D /* Slt.framework */ = {isa = PBXFileReference; lastKnownFileType = wrapper.framework; path = Slt.framework; sourceTree = "<group>"; };
/* End PBXFileReference section */

/* Begin PBXFrameworksBuildPhase section */
		E1EE7D351B03B6B600C9B17D /* Frameworks */ = {
			isa = PBXFrameworksBuildPhase;
			buildActionMask = 2147483647;
			files = (
				E1CCA1F71B03F289000352B2 /* Rms8k.framework in Frameworks */,
				E1CCA1F31B03F259000352B2 /* Kal16.framework in Frameworks */,
				E1CCA1D71B03F053000352B2 /* Awb8k.framework in Frameworks */,
				E1CCA1F21B03F259000352B2 /* Kal.framework in Frameworks */,
				E1CCA1F91B03F2A0000352B2 /* Slt8k.framework in Frameworks */,
				E1CCA1D31B03ED03000352B2 /* Awb.framework in Frameworks */,
				E1CCA1F61B03F289000352B2 /* Rms.framework in Frameworks */,
				E1EE7D6D1B03B73900C9B17D /* Slt.framework in Frameworks */,
				E1EE7D641B03B6DA00C9B17D /* AudioToolbox.framework in Frameworks */,
				E1EE7D621B03B6D300C9B17D /* AVFoundation.framework in Frameworks */,
				E1EE7D6C1B03B73900C9B17D /* OpenEars.framework in Frameworks */,
			);
			runOnlyForDeploymentPostprocessing = 0;
		};
		E1EE7D4E1B03B6B600C9B17D /* Frameworks */ = {
			isa = PBXFrameworksBuildPhase;
			buildActionMask = 2147483647;
			files = (
			);
			runOnlyForDeploymentPostprocessing = 0;
		};
/* End PBXFrameworksBuildPhase section */

/* Begin PBXGroup section */
		E1CCA1E21B03F22D000352B2 /* Framework */ = {
			isa = PBXGroup;
			children = (
				E1CCA1E31B03F22D000352B2 /* AcousticModelEnglish.bundle */,
				E1CCA1E41B03F22D000352B2 /* AcousticModelSpanish.bundle */,
				E1CCA1E51B03F22D000352B2 /* Awb.framework */,
				E1CCA1E61B03F22D000352B2 /* Awb8k.framework */,
				E1CCA1E71B03F22D000352B2 /* Kal.framework */,
				E1CCA1E81B03F22D000352B2 /* Kal16.framework */,
				E1CCA1E91B03F22D000352B2 /* OpenEars.framework */,
				E1CCA1EA1B03F22D000352B2 /* Rms.framework */,
				E1CCA1EB1B03F22D000352B2 /* Rms8k.framework */,
				E1CCA1EC1B03F22D000352B2 /* Slt.framework */,
				E1CCA1ED1B03F22D000352B2 /* Slt8k.framework */,
			);
			path = Framework;
			sourceTree = "<group>";
		};
		E1EE7D2F1B03B6B600C9B17D = {
			isa = PBXGroup;
			children = (
				E1CCA1E21B03F22D000352B2 /* Framework */,
				E1CCA1E01B03F200000352B2 /* Rms8k.framework */,
				E1CCA1DE1B03F1E5000352B2 /* Rms.framework */,
				E1CCA1DC1B03F1CA000352B2 /* Kal16.framework */,
				E1CCA1D81B03F136000352B2 /* Kal.framework */,
				E1CCA1D41B03F047000352B2 /* Awb8k.framework */,
				E1EE7D631B03B6DA00C9B17D /* AudioToolbox.framework */,
				E1EE7D611B03B6D300C9B17D /* AVFoundation.framework */,
				E1EE7D3A1B03B6B600C9B17D /* OpenEarzz */,
				E1EE7D541B03B6B600C9B17D /* OpenEarzzTests */,
				E1EE7D391B03B6B600C9B17D /* Products */,
				E1EE7D651B03B73900C9B17D /* Framework */,
			);
			sourceTree = "<group>";
		};
		E1EE7D391B03B6B600C9B17D /* Products */ = {
			isa = PBXGroup;
			children = (
				E1EE7D381B03B6B600C9B17D /* OpenEarzz.app */,
				E1EE7D511B03B6B600C9B17D /* OpenEarzzTests.xctest */,
			);
			name = Products;
			sourceTree = "<group>";
		};
		E1EE7D3A1B03B6B600C9B17D /* OpenEarzz */ = {
			isa = PBXGroup;
			children = (
				E1EE7D3F1B03B6B600C9B17D /* AppDelegate.h */,
				E1EE7D401B03B6B600C9B17D /* AppDelegate.m */,
				E1EE7D421B03B6B600C9B17D /* ViewController.h */,
				E1EE7D431B03B6B600C9B17D /* ViewController.m */,
				E1EE7D451B03B6B600C9B17D /* Main.storyboard */,
				E1EE7D481B03B6B600C9B17D /* Images.xcassets */,
				E1EE7D4A1B03B6B600C9B17D /* LaunchScreen.xib */,
				E1EE7D3B1B03B6B600C9B17D /* Supporting Files */,
			);
			path = OpenEarzz;
			sourceTree = "<group>";
		};
		E1EE7D3B1B03B6B600C9B17D /* Supporting Files */ = {
			isa = PBXGroup;
			children = (
				E1EE7D3C1B03B6B600C9B17D /* Info.plist */,
				E1EE7D3D1B03B6B600C9B17D /* main.m */,
			);
			name = "Supporting Files";
			sourceTree = "<group>";
		};
		E1EE7D541B03B6B600C9B17D /* OpenEarzzTests */ = {
			isa = PBXGroup;
			children = (
				E1EE7D571B03B6B600C9B17D /* OpenEarzzTests.m */,
				E1EE7D551B03B6B600C9B17D /* Supporting Files */,
			);
			path = OpenEarzzTests;
			sourceTree = "<group>";
		};
		E1EE7D551B03B6B600C9B17D /* Supporting Files */ = {
			isa = PBXGroup;
			children = (
				E1EE7D561B03B6B600C9B17D /* Info.plist */,
			);
			name = "Supporting Files";
			sourceTree = "<group>";
		};
		E1EE7D651B03B73900C9B17D /* Framework */ = {
			isa = PBXGroup;
			children = (
				E1CCA1F81B03F29F000352B2 /* Slt8k.framework */,
				E1CCA1F41B03F289000352B2 /* Rms.framework */,
				E1CCA1F51B03F289000352B2 /* Rms8k.framework */,
				E1CCA1F01B03F259000352B2 /* Kal.framework */,
				E1CCA1F11B03F259000352B2 /* Kal16.framework */,
				E1CCA1DA1B03F14C000352B2 /* Kal.framework */,
				E1CCA1D61B03F053000352B2 /* Awb8k.framework */,
				E1CCA1D21B03ED03000352B2 /* Awb.framework */,
				E1EE7D661B03B73900C9B17D /* AcousticModelEnglish.bundle */,
				E1EE7D671B03B73900C9B17D /* AcousticModelSpanish.bundle */,
				E1EE7D681B03B73900C9B17D /* OpenEars.framework */,
				E1EE7D691B03B73900C9B17D /* Slt.framework */,
			);
			path = Framework;
			sourceTree = "<group>";
		};
/* End PBXGroup section */

/* Begin PBXNativeTarget section */
		E1EE7D371B03B6B600C9B17D /* OpenEarzz */ = {
			isa = PBXNativeTarget;
			buildConfigurationList = E1EE7D5B1B03B6B600C9B17D /* Build configuration list for PBXNativeTarget "OpenEarzz" */;
			buildPhases = (
				E1EE7D341B03B6B600C9B17D /* Sources */,
				E1EE7D351B03B6B600C9B17D /* Frameworks */,
				E1EE7D361B03B6B600C9B17D /* Resources */,
			);
			buildRules = (
			);
			dependencies = (
			);
			name = OpenEarzz;
			productName = OpenEarzz;
			productReference = E1EE7D381B03B6B600C9B17D /* OpenEarzz.app */;
			productType = "com.apple.product-type.application";
		};
		E1EE7D501B03B6B600C9B17D /* OpenEarzzTests */ = {
			isa = PBXNativeTarget;
			buildConfigurationList = E1EE7D5E1B03B6B600C9B17D /* Build configuration list for PBXNativeTarget "OpenEarzzTests" */;
			buildPhases = (
				E1EE7D4D1B03B6B600C9B17D /* Sources */,
				E1EE7D4E1B03B6B600C9B17D /* Frameworks */,
				E1EE7D4F1B03B6B600C9B17D /* Resources */,
			);
			buildRules = (
			);
			dependencies = (
				E1EE7D531B03B6B600C9B17D /* PBXTargetDependency */,
			);
			name = OpenEarzzTests;
			productName = OpenEarzzTests;
			productReference = E1EE7D511B03B6B600C9B17D /* OpenEarzzTests.xctest */;
			productType = "com.apple.product-type.bundle.unit-test";
		};
/* End PBXNativeTarget section */

/* Begin PBXProject section */
		E1EE7D301B03B6B600C9B17D /* Project object */ = {
			isa = PBXProject;
			attributes = {
				LastUpgradeCheck = 0630;
				ORGANIZATIONNAME = "3rd Street Apps";
				TargetAttributes = {
					E1EE7D371B03B6B600C9B17D = {
						CreatedOnToolsVersion = 6.3.1;
					};
					E1EE7D501B03B6B600C9B17D = {
						CreatedOnToolsVersion = 6.3.1;
						TestTargetID = E1EE7D371B03B6B600C9B17D;
					};
				};
			};
			buildConfigurationList = E1EE7D331B03B6B600C9B17D /* Build configuration list for PBXProject "OpenEarzz" */;
			compatibilityVersion = "Xcode 3.2";
			developmentRegion = English;
			hasScannedForEncodings = 0;
			knownRegions = (
				en,
				Base,
			);
			mainGroup = E1EE7D2F1B03B6B600C9B17D;
			productRefGroup = E1EE7D391B03B6B600C9B17D /* Products */;
			projectDirPath = "";
			projectRoot = "";
			targets = (
				E1EE7D371B03B6B600C9B17D /* OpenEarzz */,
				E1EE7D501B03B6B600C9B17D /* OpenEarzzTests */,
			);
		};
/* End PBXProject section */

/* Begin PBXResourcesBuildPhase section */
		E1EE7D361B03B6B600C9B17D /* Resources */ = {
			isa = PBXResourcesBuildPhase;
			buildActionMask = 2147483647;
			files = (
				E1EE7D471B03B6B600C9B17D /* Main.storyboard in Resources */,
				E1EE7D6B1B03B73900C9B17D /* AcousticModelSpanish.bundle in Resources */,
				E1EE7D6A1B03B73900C9B17D /* AcousticModelEnglish.bundle in Resources */,
				E1EE7D4C1B03B6B600C9B17D /* LaunchScreen.xib in Resources */,
				E1EE7D491B03B6B600C9B17D /* Images.xcassets in Resources */,
			);
			runOnlyForDeploymentPostprocessing = 0;
		};
		E1EE7D4F1B03B6B600C9B17D /* Resources */ = {
			isa = PBXResourcesBuildPhase;
			buildActionMask = 2147483647;
			files = (
			);
			runOnlyForDeploymentPostprocessing = 0;
		};
/* End PBXResourcesBuildPhase section */

/* Begin PBXSourcesBuildPhase section */
		E1EE7D341B03B6B600C9B17D /* Sources */ = {
			isa = PBXSourcesBuildPhase;
			buildActionMask = 2147483647;
			files = (
				E1EE7D441B03B6B600C9B17D /* ViewController.m in Sources */,
				E1EE7D411B03B6B600C9B17D /* AppDelegate.m in Sources */,
				E1EE7D3E1B03B6B600C9B17D /* main.m in Sources */,
			);
			runOnlyForDeploymentPostprocessing = 0;
		};
		E1EE7D4D1B03B6B600C9B17D /* Sources */ = {
			isa = PBXSourcesBuildPhase;
			buildActionMask = 2147483647;
			files = (
				E1EE7D581B03B6B600C9B17D /* OpenEarzzTests.m in Sources */,
			);
			runOnlyForDeploymentPostprocessing = 0;
		};
/* End PBXSourcesBuildPhase section */

/* Begin PBXTargetDependency section */
		E1EE7D531B03B6B600C9B17D /* PBXTargetDependency */ = {
			isa = PBXTargetDependency;
			target = E1EE7D371B03B6B600C9B17D /* OpenEarzz */;
			targetProxy = E1EE7D521B03B6B600C9B17D /* PBXContainerItemProxy */;
		};
/* End PBXTargetDependency section */

/* Begin PBXVariantGroup section */
		E1EE7D451B03B6B600C9B17D /* Main.storyboard */ = {
			isa = PBXVariantGroup;
			children = (
				E1EE7D461B03B6B600C9B17D /* Base */,
			);
			name = Main.storyboard;
			sourceTree = "<group>";
		};
		E1EE7D4A1B03B6B600C9B17D /* LaunchScreen.xib */ = {
			isa = PBXVariantGroup;
			children = (
				E1EE7D4B1B03B6B600C9B17D /* Base */,
			);
			name = LaunchScreen.xib;
			sourceTree = "<group>";
		};
/* End PBXVariantGroup section */

/* Begin XCBuildConfiguration section */
		E1EE7D591B03B6B600C9B17D /* Debug */ = {
			isa = XCBuildConfiguration;
			buildSettings = {
				ALWAYS_SEARCH_USER_PATHS = NO;
				CLANG_CXX_LANGUAGE_STANDARD = "gnu++0x";
				CLANG_CXX_LIBRARY = "libc++";
				CLANG_ENABLE_MODULES = YES;
				CLANG_ENABLE_OBJC_ARC = YES;
				CLANG_WARN_BOOL_CONVERSION = YES;
				CLANG_WARN_CONSTANT_CONVERSION = YES;
				CLANG_WARN_DIRECT_OBJC_ISA_USAGE = YES_ERROR;
				CLANG_WARN_EMPTY_BODY = YES;
				CLANG_WARN_ENUM_CONVERSION = YES;
				CLANG_WARN_INT_CONVERSION = YES;
				CLANG_WARN_OBJC_ROOT_CLASS = YES_ERROR;
				CLANG_WARN_UNREACHABLE_CODE = YES;
				CLANG_WARN__DUPLICATE_METHOD_MATCH = YES;
				"CODE_SIGN_IDENTITY[sdk=iphoneos*]" = "iPhone Developer";
				COPY_PHASE_STRIP = NO;
				DEBUG_INFORMATION_FORMAT = "dwarf-with-dsym";
				ENABLE_STRICT_OBJC_MSGSEND = YES;
				GCC_C_LANGUAGE_STANDARD = gnu99;
				GCC_DYNAMIC_NO_PIC = NO;
				GCC_NO_COMMON_BLOCKS = YES;
				GCC_OPTIMIZATION_LEVEL = 0;
				GCC_PREPROCESSOR_DEFINITIONS = (
					"DEBUG=1",
					"$(inherited)",
				);
				GCC_SYMBOLS_PRIVATE_EXTERN = NO;
				GCC_WARN_64_TO_32_BIT_CONVERSION = YES;
				GCC_WARN_ABOUT_RETURN_TYPE = YES_ERROR;
				GCC_WARN_UNDECLARED_SELECTOR = YES;
				GCC_WARN_UNINITIALIZED_AUTOS = YES_AGGRESSIVE;
				GCC_WARN_UNUSED_FUNCTION = YES;
				GCC_WARN_UNUSED_VARIABLE = YES;
				IPHONEOS_DEPLOYMENT_TARGET = 8.3;
				MTL_ENABLE_DEBUG_INFO = YES;
				ONLY_ACTIVE_ARCH = YES;
				SDKROOT = iphoneos;
				TARGETED_DEVICE_FAMILY = "1,2";
			};
			name = Debug;
		};
		E1EE7D5A1B03B6B600C9B17D /* Release */ = {
			isa = XCBuildConfiguration;
			buildSettings = {
				ALWAYS_SEARCH_USER_PATHS = NO;
				CLANG_CXX_LANGUAGE_STANDARD = "gnu++0x";
				CLANG_CXX_LIBRARY = "libc++";
				CLANG_ENABLE_MODULES = YES;
				CLANG_ENABLE_OBJC_ARC = YES;
				CLANG_WARN_BOOL_CONVERSION = YES;
				CLANG_WARN_CONSTANT_CONVERSION = YES;
				CLANG_WARN_DIRECT_OBJC_ISA_USAGE = YES_ERROR;
				CLANG_WARN_EMPTY_BODY = YES;
				CLANG_WARN_ENUM_CONVERSION = YES;
				CLANG_WARN_INT_CONVERSION = YES;
				CLANG_WARN_OBJC_ROOT_CLASS = YES_ERROR;
				CLANG_WARN_UNREACHABLE_CODE = YES;
				CLANG_WARN__DUPLICATE_METHOD_MATCH = YES;
				"CODE_SIGN_IDENTITY[sdk=iphoneos*]" = "iPhone Developer";
				COPY_PHASE_STRIP = NO;
				DEBUG_INFORMATION_FORMAT = "dwarf-with-dsym";
				ENABLE_NS_ASSERTIONS = NO;
				ENABLE_STRICT_OBJC_MSGSEND = YES;
				GCC_C_LANGUAGE_STANDARD = gnu99;
				GCC_NO_COMMON_BLOCKS = YES;
				GCC_WARN_64_TO_32_BIT_CONVERSION = YES;
				GCC_WARN_ABOUT_RETURN_TYPE = YES_ERROR;
				GCC_WARN_UNDECLARED_SELECTOR = YES;
				GCC_WARN_UNINITIALIZED_AUTOS = YES_AGGRESSIVE;
				GCC_WARN_UNUSED_FUNCTION = YES;
				GCC_WARN_UNUSED_VARIABLE = YES;
				IPHONEOS_DEPLOYMENT_TARGET = 8.3;
				MTL_ENABLE_DEBUG_INFO = NO;
				SDKROOT = iphoneos;
				TARGETED_DEVICE_FAMILY = "1,2";
				VALIDATE_PRODUCT = YES;
			};
			name = Release;
		};
		E1EE7D5C1B03B6B600C9B17D /* Debug */ = {
			isa = XCBuildConfiguration;
			buildSettings = {
				ASSETCATALOG_COMPILER_APPICON_NAME = AppIcon;
				FRAMEWORK_SEARCH_PATHS = (
					"$(inherited)",
					"$(PROJECT_DIR)/Framework",
					"/Users/nathanielwarren/Downloads/Politepix-openearsextras-22073bb104d9/FliteVoices",
					"$(PROJECT_DIR)/Politepix-openearsextras-22073bb104d9/FliteVoices",
				);
				INFOPLIST_FILE = OpenEarzz/Info.plist;
				LD_RUNPATH_SEARCH_PATHS = "$(inherited) @executable_path/Frameworks";
				PRODUCT_NAME = "$(TARGET_NAME)";
			};
			name = Debug;
		};
		E1EE7D5D1B03B6B600C9B17D /* Release */ = {
			isa = XCBuildConfiguration;
			buildSettings = {
				ASSETCATALOG_COMPILER_APPICON_NAME = AppIcon;
				FRAMEWORK_SEARCH_PATHS = (
					"$(inherited)",
					"$(PROJECT_DIR)/Framework",
					"/Users/nathanielwarren/Downloads/Politepix-openearsextras-22073bb104d9/FliteVoices",
					"$(PROJECT_DIR)/Politepix-openearsextras-22073bb104d9/FliteVoices",
				);
				INFOPLIST_FILE = OpenEarzz/Info.plist;
				LD_RUNPATH_SEARCH_PATHS = "$(inherited) @executable_path/Frameworks";
				PRODUCT_NAME = "$(TARGET_NAME)";
			};
			name = Release;
		};
		E1EE7D5F1B03B6B600C9B17D /* Debug */ = {
			isa = XCBuildConfiguration;
			buildSettings = {
				BUNDLE_LOADER = "$(TEST_HOST)";
				FRAMEWORK_SEARCH_PATHS = (
					"$(SDKROOT)/Developer/Library/Frameworks",
					"$(inherited)",
				);
				GCC_PREPROCESSOR_DEFINITIONS = (
					"DEBUG=1",
					"$(inherited)",
				);
				INFOPLIST_FILE = OpenEarzzTests/Info.plist;
				LD_RUNPATH_SEARCH_PATHS = "$(inherited) @executable_path/Frameworks @loader_path/Frameworks";
				PRODUCT_NAME = "$(TARGET_NAME)";
				TEST_HOST = "$(BUILT_PRODUCTS_DIR)/OpenEarzz.app/OpenEarzz";
			};
			name = Debug;
		};
		E1EE7D601B03B6B600C9B17D /* Release */ = {
			isa = XCBuildConfiguration;
			buildSettings = {
				BUNDLE_LOADER = "$(TEST_HOST)";
				FRAMEWORK_SEARCH_PATHS = (
					"$(SDKROOT)/Developer/Library/Frameworks",
					"$(inherited)",
				);
				INFOPLIST_FILE = OpenEarzzTests/Info.plist;
				LD_RUNPATH_SEARCH_PATHS = "$(inherited) @executable_path/Frameworks @loader_path/Frameworks";
				PRODUCT_NAME = "$(TARGET_NAME)";
				TEST_HOST = "$(BUILT_PRODUCTS_DIR)/OpenEarzz.app/OpenEarzz";
			};
			name = Release;
		};
/* End XCBuildConfiguration section */

/* Begin XCConfigurationList section */
		E1EE7D331B03B6B600C9B17D /* Build configuration list for PBXProject "OpenEarzz" */ = {
			isa = XCConfigurationList;
			buildConfigurations = (
				E1EE7D591B03B6B600C9B17D /* Debug */,
				E1EE7D5A1B03B6B600C9B17D /* Release */,
			);
			defaultConfigurationIsVisible = 0;
			defaultConfigurationName = Release;
		};
		E1EE7D5B1B03B6B600C9B17D /* Build configuration list for PBXNativeTarget "OpenEarzz" */ = {
			isa = XCConfigurationList;
			buildConfigurations = (
				E1EE7D5C1B03B6B600C9B17D /* Debug */,
				E1EE7D5D1B03B6B600C9B17D /* Release */,
			);
			defaultConfigurationIsVisible = 0;
			defaultConfigurationName = Release;
		};
		E1EE7D5E1B03B6B600C9B17D /* Build configuration list for PBXNativeTarget "OpenEarzzTests" */ = {
			isa = XCConfigurationList;
			buildConfigurations = (
				E1EE7D5F1B03B6B600C9B17D /* Debug */,
				E1EE7D601B03B6B600C9B17D /* Release */,
			);
			defaultConfigurationIsVisible = 0;
			defaultConfigurationName = Release;
		};
/* End XCConfigurationList section */
	};
	rootObject = E1EE7D301B03B6B600C9B17D /* Project object */;
}
